
Microsoft Visual Studio Solution File, Format Version 12.00
# Visual Studio 15
VisualStudioVersion = 15.0.27703.2035
MinimumVisualStudioVersion = 10.0.40219.1
Project("{2150E333-8FDC-42A3-9474-1A3956D46DE8}") = "Sberbank", "Sberbank", "{FADE3F53-8228-492F-93BC-69BF2191A4E6}"
EndProject
Project("{9A19103F-16F7-4668-BE54-9A1E7A4F7556}") = "Tenders.Sberbank.Bidding", "Sberbank\Tenders.Sberbank.Bidding\Tenders.Sberbank.Bidding.csproj", "{2E43CB83-9F9E-4B55-B6F8-78B912B55FA7}"
EndProject
Project("{2150E333-8FDC-42A3-9474-1A3956D46DE8}") = "Synchronization", "Synchronization", "{53EA3E68-0883-4924-B214-2B69127317E8}"
EndProject
Project("{9A19103F-16F7-4668-BE54-9A1E7A4F7556}") = "Tenders.Core.DI", "Core\Tenders.Core.DI\Tenders.Core.DI.csproj", "{A53FA490-FB74-422F-9D29-243892A0C1FF}"
EndProject
Project("{9A19103F-16F7-4668-BE54-9A1E7A4F7556}") = "Tenders.Core.Abstractions", "Core\Tenders.Core.Abstractions\Tenders.Core.Abstractions.csproj", "{A6DCB051-A4F2-4C8B-ADE8-69C2E7EEBB9E}"
EndProject
Project("{9A19103F-16F7-4668-BE54-9A1E7A4F7556}") = "Tenders.Sberbank.Abstractions", "Sberbank\Tenders.Sberbank.Abstractions\Tenders.Sberbank.Abstractions.csproj", "{0B3800FF-3A42-4957-9384-3930E5F046B3}"
EndProject
Project("{9A19103F-16F7-4668-BE54-9A1E7A4F7556}") = "Tenders.Core.Services", "Core\Tenders.Core.Services\Tenders.Core.Services.csproj", "{87951FE5-7245-439F-9748-8DDC4E87D054}"
EndProject
Project("{9A19103F-16F7-4668-BE54-9A1E7A4F7556}") = "Tenders.Sberbank.Services", "Sberbank\Tenders.Sberbank.Services\Tenders.Sberbank.Services.csproj", "{8069BC9B-2561-4EED-8BDF-39CF23F6084B}"
EndProject
Project("{9A19103F-16F7-4668-BE54-9A1E7A4F7556}") = "Tenders.Core.Helpers", "Core\Tenders.Core.Helpers\Tenders.Core.Helpers.csproj", "{5F7E7D06-07AD-49A5-8AA9-4B20EF695C02}"
EndProject
Project("{9A19103F-16F7-4668-BE54-9A1E7A4F7556}") = "Tenders.Sberbank.Models", "Sberbank\Tenders.Sberbank.Models\Tenders.Sberbank.Models.csproj", "{A142C702-49FA-47C0-8495-C18DCD98D3EC}"
EndProject
Project("{9A19103F-16F7-4668-BE54-9A1E7A4F7556}") = "Tenders.Sberbank.Tests", "Sberbank\Tenders.Sberbank.Tests\Tenders.Sberbank.Tests.csproj", "{19579E3B-8E66-4663-ABED-3823D8F2FF52}"
EndProject
Project("{2150E333-8FDC-42A3-9474-1A3956D46DE8}") = "Core", "Core", "{95CEAC92-D405-45CC-984A-47C9F7B3EEE6}"
EndProject
Project("{2150E333-8FDC-42A3-9474-1A3956D46DE8}") = "API", "API", "{43B38183-6B20-4079-8F3A-84BCEE90718E}"
EndProject
Project("{9A19103F-16F7-4668-BE54-9A1E7A4F7556}") = "Tenders.Core.Logger", "Core\Tenders.Core.Logger\Tenders.Core.Logger.csproj", "{A0FF088B-D15C-4CA2-8645-85697BDCB080}"
EndProject
Project("{9A19103F-16F7-4668-BE54-9A1E7A4F7556}") = "Tenders.Core.Logger.Tests", "Core\Tenders.Core.Logger.Tests\Tenders.Core.Logger.Tests.csproj", "{4EFAAF06-A331-4EE7-BD90-BDCE68D76A3D}"
EndProject
Project("{9A19103F-16F7-4668-BE54-9A1E7A4F7556}") = "Tenders.API", "API\Tenders.API\Tenders.API.csproj", "{EA42C822-924B-4693-833B-29B91F71E2AE}"
EndProject
Project("{9A19103F-16F7-4668-BE54-9A1E7A4F7556}") = "Tenders.API.Integration", "API\Tenders.API.Integration\Tenders.API.Integration.csproj", "{7A8B0DBE-FA08-4AF0-A3F6-EC3A27096071}"
EndProject
Project("{9A19103F-16F7-4668-BE54-9A1E7A4F7556}") = "Tenders.API.Integration.JobSeeker", "API\Tenders.API.Integration.JobSeeker\Tenders.API.Integration.JobSeeker.csproj", "{030FD347-83D4-4BAE-B55E-9EA2382B4606}"
EndProject
Project("{9A19103F-16F7-4668-BE54-9A1E7A4F7556}") = "Tenders.API.Integration.Tests", "API\Tenders.API.Integration.Tests\Tenders.API.Integration.Tests.csproj", "{8A3F7204-5BBE-4133-83C8-2D95679DBBB5}"
EndProject
Project("{9A19103F-16F7-4668-BE54-9A1E7A4F7556}") = "Tenders.Synchronization.FtpMonitoring", "Synchronization\Tenders.Synchronization.FtpMonitoring\Tenders.Synchronization.FtpMonitoring.csproj", "{C388BCBA-646E-4E84-816B-DB5C96898DA5}"
EndProject
Project("{9A19103F-16F7-4668-BE54-9A1E7A4F7556}") = "Tenders.Synchronization.TenderPlan.Indexer", "Synchronization\Tenders.Synchronization.TenderPlan.Indexer\Tenders.Synchronization.TenderPlan.Indexer.csproj", "{9BD95623-E76D-4A95-8729-D89205A459BD}"
EndProject
Project("{9A19103F-16F7-4668-BE54-9A1E7A4F7556}") = "Tenders.API.Integration.JobSeeker.Tests", "API\Tenders.API.Integration.JobSeeker.Tests\Tenders.API.Integration.JobSeeker.Tests.csproj", "{A67F63A5-7A48-4B39-B907-67CC34FE8455}"
EndProject
Project("{FAE04EC0-301F-11D3-BF4B-00C04F79EFBC}") = "Tenders.API.Tests", "Tenders.API.Tests\Tenders.API.Tests.csproj", "{034B8CE7-91FB-4D87-9599-1B4A282DC2CE}"
EndProject
Global
	GlobalSection(SolutionConfigurationPlatforms) = preSolution
		Debug|Any CPU = Debug|Any CPU
		NuGetDebug|Any CPU = NuGetDebug|Any CPU
		Release|Any CPU = Release|Any CPU
	EndGlobalSection
	GlobalSection(ProjectConfigurationPlatforms) = postSolution
		{2E43CB83-9F9E-4B55-B6F8-78B912B55FA7}.Debug|Any CPU.ActiveCfg = Debug|Any CPU
		{2E43CB83-9F9E-4B55-B6F8-78B912B55FA7}.Debug|Any CPU.Build.0 = Debug|Any CPU
		{2E43CB83-9F9E-4B55-B6F8-78B912B55FA7}.NuGetDebug|Any CPU.ActiveCfg = Debug|Any CPU
		{2E43CB83-9F9E-4B55-B6F8-78B912B55FA7}.NuGetDebug|Any CPU.Build.0 = Debug|Any CPU
		{2E43CB83-9F9E-4B55-B6F8-78B912B55FA7}.Release|Any CPU.ActiveCfg = Release|Any CPU
		{2E43CB83-9F9E-4B55-B6F8-78B912B55FA7}.Release|Any CPU.Build.0 = Release|Any CPU
		{A53FA490-FB74-422F-9D29-243892A0C1FF}.Debug|Any CPU.ActiveCfg = Debug|Any CPU
		{A53FA490-FB74-422F-9D29-243892A0C1FF}.Debug|Any CPU.Build.0 = Debug|Any CPU
		{A53FA490-FB74-422F-9D29-243892A0C1FF}.NuGetDebug|Any CPU.ActiveCfg = Debug|Any CPU
		{A53FA490-FB74-422F-9D29-243892A0C1FF}.NuGetDebug|Any CPU.Build.0 = Debug|Any CPU
		{A53FA490-FB74-422F-9D29-243892A0C1FF}.Release|Any CPU.ActiveCfg = Release|Any CPU
		{A53FA490-FB74-422F-9D29-243892A0C1FF}.Release|Any CPU.Build.0 = Release|Any CPU
		{A6DCB051-A4F2-4C8B-ADE8-69C2E7EEBB9E}.Debug|Any CPU.ActiveCfg = Debug|Any CPU
		{A6DCB051-A4F2-4C8B-ADE8-69C2E7EEBB9E}.Debug|Any CPU.Build.0 = Debug|Any CPU
		{A6DCB051-A4F2-4C8B-ADE8-69C2E7EEBB9E}.NuGetDebug|Any CPU.ActiveCfg = Debug|Any CPU
		{A6DCB051-A4F2-4C8B-ADE8-69C2E7EEBB9E}.NuGetDebug|Any CPU.Build.0 = Debug|Any CPU
		{A6DCB051-A4F2-4C8B-ADE8-69C2E7EEBB9E}.Release|Any CPU.ActiveCfg = Release|Any CPU
		{A6DCB051-A4F2-4C8B-ADE8-69C2E7EEBB9E}.Release|Any CPU.Build.0 = Release|Any CPU
		{0B3800FF-3A42-4957-9384-3930E5F046B3}.Debug|Any CPU.ActiveCfg = Debug|Any CPU
		{0B3800FF-3A42-4957-9384-3930E5F046B3}.Debug|Any CPU.Build.0 = Debug|Any CPU
		{0B3800FF-3A42-4957-9384-3930E5F046B3}.NuGetDebug|Any CPU.ActiveCfg = Debug|Any CPU
		{0B3800FF-3A42-4957-9384-3930E5F046B3}.NuGetDebug|Any CPU.Build.0 = Debug|Any CPU
		{0B3800FF-3A42-4957-9384-3930E5F046B3}.Release|Any CPU.ActiveCfg = Release|Any CPU
		{0B3800FF-3A42-4957-9384-3930E5F046B3}.Release|Any CPU.Build.0 = Release|Any CPU
		{87951FE5-7245-439F-9748-8DDC4E87D054}.Debug|Any CPU.ActiveCfg = Debug|Any CPU
		{87951FE5-7245-439F-9748-8DDC4E87D054}.Debug|Any CPU.Build.0 = Debug|Any CPU
		{87951FE5-7245-439F-9748-8DDC4E87D054}.NuGetDebug|Any CPU.ActiveCfg = Debug|Any CPU
		{87951FE5-7245-439F-9748-8DDC4E87D054}.NuGetDebug|Any CPU.Build.0 = Debug|Any CPU
		{87951FE5-7245-439F-9748-8DDC4E87D054}.Release|Any CPU.ActiveCfg = Release|Any CPU
		{87951FE5-7245-439F-9748-8DDC4E87D054}.Release|Any CPU.Build.0 = Release|Any CPU
		{8069BC9B-2561-4EED-8BDF-39CF23F6084B}.Debug|Any CPU.ActiveCfg = Debug|Any CPU
		{8069BC9B-2561-4EED-8BDF-39CF23F6084B}.Debug|Any CPU.Build.0 = Debug|Any CPU
		{8069BC9B-2561-4EED-8BDF-39CF23F6084B}.NuGetDebug|Any CPU.ActiveCfg = Debug|Any CPU
		{8069BC9B-2561-4EED-8BDF-39CF23F6084B}.NuGetDebug|Any CPU.Build.0 = Debug|Any CPU
		{8069BC9B-2561-4EED-8BDF-39CF23F6084B}.Release|Any CPU.ActiveCfg = Release|Any CPU
		{8069BC9B-2561-4EED-8BDF-39CF23F6084B}.Release|Any CPU.Build.0 = Release|Any CPU
		{5F7E7D06-07AD-49A5-8AA9-4B20EF695C02}.Debug|Any CPU.ActiveCfg = Debug|Any CPU
		{5F7E7D06-07AD-49A5-8AA9-4B20EF695C02}.Debug|Any CPU.Build.0 = Debug|Any CPU
		{5F7E7D06-07AD-49A5-8AA9-4B20EF695C02}.NuGetDebug|Any CPU.ActiveCfg = Debug|Any CPU
		{5F7E7D06-07AD-49A5-8AA9-4B20EF695C02}.NuGetDebug|Any CPU.Build.0 = Debug|Any CPU
		{5F7E7D06-07AD-49A5-8AA9-4B20EF695C02}.Release|Any CPU.ActiveCfg = Release|Any CPU
		{5F7E7D06-07AD-49A5-8AA9-4B20EF695C02}.Release|Any CPU.Build.0 = Release|Any CPU
		{A142C702-49FA-47C0-8495-C18DCD98D3EC}.Debug|Any CPU.ActiveCfg = Debug|Any CPU
		{A142C702-49FA-47C0-8495-C18DCD98D3EC}.Debug|Any CPU.Build.0 = Debug|Any CPU
		{A142C702-49FA-47C0-8495-C18DCD98D3EC}.NuGetDebug|Any CPU.ActiveCfg = Debug|Any CPU
		{A142C702-49FA-47C0-8495-C18DCD98D3EC}.NuGetDebug|Any CPU.Build.0 = Debug|Any CPU
		{A142C702-49FA-47C0-8495-C18DCD98D3EC}.Release|Any CPU.ActiveCfg = Release|Any CPU
		{A142C702-49FA-47C0-8495-C18DCD98D3EC}.Release|Any CPU.Build.0 = Release|Any CPU
		{19579E3B-8E66-4663-ABED-3823D8F2FF52}.Debug|Any CPU.ActiveCfg = Debug|Any CPU
		{19579E3B-8E66-4663-ABED-3823D8F2FF52}.Debug|Any CPU.Build.0 = Debug|Any CPU
		{19579E3B-8E66-4663-ABED-3823D8F2FF52}.NuGetDebug|Any CPU.ActiveCfg = Debug|Any CPU
		{19579E3B-8E66-4663-ABED-3823D8F2FF52}.NuGetDebug|Any CPU.Build.0 = Debug|Any CPU
		{19579E3B-8E66-4663-ABED-3823D8F2FF52}.Release|Any CPU.ActiveCfg = Release|Any CPU
		{19579E3B-8E66-4663-ABED-3823D8F2FF52}.Release|Any CPU.Build.0 = Release|Any CPU
		{A0FF088B-D15C-4CA2-8645-85697BDCB080}.Debug|Any CPU.ActiveCfg = Debug|Any CPU
		{A0FF088B-D15C-4CA2-8645-85697BDCB080}.Debug|Any CPU.Build.0 = Debug|Any CPU
		{A0FF088B-D15C-4CA2-8645-85697BDCB080}.NuGetDebug|Any CPU.ActiveCfg = Debug|Any CPU
		{A0FF088B-D15C-4CA2-8645-85697BDCB080}.NuGetDebug|Any CPU.Build.0 = Debug|Any CPU
		{A0FF088B-D15C-4CA2-8645-85697BDCB080}.Release|Any CPU.ActiveCfg = Release|Any CPU
		{A0FF088B-D15C-4CA2-8645-85697BDCB080}.Release|Any CPU.Build.0 = Release|Any CPU
		{4EFAAF06-A331-4EE7-BD90-BDCE68D76A3D}.Debug|Any CPU.ActiveCfg = Debug|Any CPU
		{4EFAAF06-A331-4EE7-BD90-BDCE68D76A3D}.Debug|Any CPU.Build.0 = Debug|Any CPU
		{4EFAAF06-A331-4EE7-BD90-BDCE68D76A3D}.NuGetDebug|Any CPU.ActiveCfg = Debug|Any CPU
		{4EFAAF06-A331-4EE7-BD90-BDCE68D76A3D}.NuGetDebug|Any CPU.Build.0 = Debug|Any CPU
		{4EFAAF06-A331-4EE7-BD90-BDCE68D76A3D}.Release|Any CPU.ActiveCfg = Release|Any CPU
		{4EFAAF06-A331-4EE7-BD90-BDCE68D76A3D}.Release|Any CPU.Build.0 = Release|Any CPU
		{EA42C822-924B-4693-833B-29B91F71E2AE}.Debug|Any CPU.ActiveCfg = Debug|Any CPU
		{EA42C822-924B-4693-833B-29B91F71E2AE}.Debug|Any CPU.Build.0 = Debug|Any CPU
		{EA42C822-924B-4693-833B-29B91F71E2AE}.NuGetDebug|Any CPU.ActiveCfg = Debug|Any CPU
		{EA42C822-924B-4693-833B-29B91F71E2AE}.NuGetDebug|Any CPU.Build.0 = Debug|Any CPU
		{EA42C822-924B-4693-833B-29B91F71E2AE}.Release|Any CPU.ActiveCfg = Release|Any CPU
		{EA42C822-924B-4693-833B-29B91F71E2AE}.Release|Any CPU.Build.0 = Release|Any CPU
		{7A8B0DBE-FA08-4AF0-A3F6-EC3A27096071}.Debug|Any CPU.ActiveCfg = Debug|Any CPU
		{7A8B0DBE-FA08-4AF0-A3F6-EC3A27096071}.Debug|Any CPU.Build.0 = Debug|Any CPU
		{7A8B0DBE-FA08-4AF0-A3F6-EC3A27096071}.NuGetDebug|Any CPU.ActiveCfg = Debug|Any CPU
		{7A8B0DBE-FA08-4AF0-A3F6-EC3A27096071}.NuGetDebug|Any CPU.Build.0 = Debug|Any CPU
		{7A8B0DBE-FA08-4AF0-A3F6-EC3A27096071}.Release|Any CPU.ActiveCfg = Release|Any CPU
		{7A8B0DBE-FA08-4AF0-A3F6-EC3A27096071}.Release|Any CPU.Build.0 = Release|Any CPU
		{030FD347-83D4-4BAE-B55E-9EA2382B4606}.Debug|Any CPU.ActiveCfg = Debug|Any CPU
		{030FD347-83D4-4BAE-B55E-9EA2382B4606}.Debug|Any CPU.Build.0 = Debug|Any CPU
		{030FD347-83D4-4BAE-B55E-9EA2382B4606}.NuGetDebug|Any CPU.ActiveCfg = Debug|Any CPU
		{030FD347-83D4-4BAE-B55E-9EA2382B4606}.NuGetDebug|Any CPU.Build.0 = Debug|Any CPU
		{030FD347-83D4-4BAE-B55E-9EA2382B4606}.Release|Any CPU.ActiveCfg = Release|Any CPU
		{030FD347-83D4-4BAE-B55E-9EA2382B4606}.Release|Any CPU.Build.0 = Release|Any CPU
		{8A3F7204-5BBE-4133-83C8-2D95679DBBB5}.Debug|Any CPU.ActiveCfg = Debug|Any CPU
		{8A3F7204-5BBE-4133-83C8-2D95679DBBB5}.Debug|Any CPU.Build.0 = Debug|Any CPU
		{8A3F7204-5BBE-4133-83C8-2D95679DBBB5}.NuGetDebug|Any CPU.ActiveCfg = Debug|Any CPU
		{8A3F7204-5BBE-4133-83C8-2D95679DBBB5}.NuGetDebug|Any CPU.Build.0 = Debug|Any CPU
		{8A3F7204-5BBE-4133-83C8-2D95679DBBB5}.Release|Any CPU.ActiveCfg = Release|Any CPU
		{8A3F7204-5BBE-4133-83C8-2D95679DBBB5}.Release|Any CPU.Build.0 = Release|Any CPU
		{C388BCBA-646E-4E84-816B-DB5C96898DA5}.Debug|Any CPU.ActiveCfg = Debug|Any CPU
		{C388BCBA-646E-4E84-816B-DB5C96898DA5}.Debug|Any CPU.Build.0 = Debug|Any CPU
		{C388BCBA-646E-4E84-816B-DB5C96898DA5}.NuGetDebug|Any CPU.ActiveCfg = Debug|Any CPU
		{C388BCBA-646E-4E84-816B-DB5C96898DA5}.NuGetDebug|Any CPU.Build.0 = Debug|Any CPU
		{C388BCBA-646E-4E84-816B-DB5C96898DA5}.Release|Any CPU.ActiveCfg = Release|Any CPU
		{C388BCBA-646E-4E84-816B-DB5C96898DA5}.Release|Any CPU.Build.0 = Release|Any CPU
		{9BD95623-E76D-4A95-8729-D89205A459BD}.Debug|Any CPU.ActiveCfg = Debug|Any CPU
		{9BD95623-E76D-4A95-8729-D89205A459BD}.Debug|Any CPU.Build.0 = Debug|Any CPU
		{9BD95623-E76D-4A95-8729-D89205A459BD}.NuGetDebug|Any CPU.ActiveCfg = Debug|Any CPU
		{9BD95623-E76D-4A95-8729-D89205A459BD}.NuGetDebug|Any CPU.Build.0 = Debug|Any CPU
		{9BD95623-E76D-4A95-8729-D89205A459BD}.Release|Any CPU.ActiveCfg = Release|Any CPU
		{9BD95623-E76D-4A95-8729-D89205A459BD}.Release|Any CPU.Build.0 = Release|Any CPU
		{A67F63A5-7A48-4B39-B907-67CC34FE8455}.Debug|Any CPU.ActiveCfg = Debug|Any CPU
		{A67F63A5-7A48-4B39-B907-67CC34FE8455}.Debug|Any CPU.Build.0 = Debug|Any CPU
		{A67F63A5-7A48-4B39-B907-67CC34FE8455}.NuGetDebug|Any CPU.ActiveCfg = Debug|Any CPU
		{A67F63A5-7A48-4B39-B907-67CC34FE8455}.NuGetDebug|Any CPU.Build.0 = Debug|Any CPU
		{A67F63A5-7A48-4B39-B907-67CC34FE8455}.Release|Any CPU.ActiveCfg = Release|Any CPU
		{A67F63A5-7A48-4B39-B907-67CC34FE8455}.Release|Any CPU.Build.0 = Release|Any CPU
		{034B8CE7-91FB-4D87-9599-1B4A282DC2CE}.Debug|Any CPU.ActiveCfg = Debug|Any CPU
		{034B8CE7-91FB-4D87-9599-1B4A282DC2CE}.Debug|Any CPU.Build.0 = Debug|Any CPU
		{034B8CE7-91FB-4D87-9599-1B4A282DC2CE}.NuGetDebug|Any CPU.ActiveCfg = Debug|Any CPU
		{034B8CE7-91FB-4D87-9599-1B4A282DC2CE}.NuGetDebug|Any CPU.Build.0 = Debug|Any CPU
		{034B8CE7-91FB-4D87-9599-1B4A282DC2CE}.Release|Any CPU.ActiveCfg = Release|Any CPU
		{034B8CE7-91FB-4D87-9599-1B4A282DC2CE}.Release|Any CPU.Build.0 = Release|Any CPU
	EndGlobalSection
	GlobalSection(SolutionProperties) = preSolution
		HideSolutionNode = FALSE
	EndGlobalSection
	GlobalSection(NestedProjects) = preSolution
		{2E43CB83-9F9E-4B55-B6F8-78B912B55FA7} = {FADE3F53-8228-492F-93BC-69BF2191A4E6}
		{A53FA490-FB74-422F-9D29-243892A0C1FF} = {95CEAC92-D405-45CC-984A-47C9F7B3EEE6}
		{A6DCB051-A4F2-4C8B-ADE8-69C2E7EEBB9E} = {95CEAC92-D405-45CC-984A-47C9F7B3EEE6}
		{0B3800FF-3A42-4957-9384-3930E5F046B3} = {FADE3F53-8228-492F-93BC-69BF2191A4E6}
		{87951FE5-7245-439F-9748-8DDC4E87D054} = {95CEAC92-D405-45CC-984A-47C9F7B3EEE6}
		{8069BC9B-2561-4EED-8BDF-39CF23F6084B} = {FADE3F53-8228-492F-93BC-69BF2191A4E6}
		{5F7E7D06-07AD-49A5-8AA9-4B20EF695C02} = {95CEAC92-D405-45CC-984A-47C9F7B3EEE6}
		{A142C702-49FA-47C0-8495-C18DCD98D3EC} = {FADE3F53-8228-492F-93BC-69BF2191A4E6}
		{19579E3B-8E66-4663-ABED-3823D8F2FF52} = {FADE3F53-8228-492F-93BC-69BF2191A4E6}
		{A0FF088B-D15C-4CA2-8645-85697BDCB080} = {95CEAC92-D405-45CC-984A-47C9F7B3EEE6}
		{4EFAAF06-A331-4EE7-BD90-BDCE68D76A3D} = {95CEAC92-D405-45CC-984A-47C9F7B3EEE6}
		{EA42C822-924B-4693-833B-29B91F71E2AE} = {43B38183-6B20-4079-8F3A-84BCEE90718E}
		{7A8B0DBE-FA08-4AF0-A3F6-EC3A27096071} = {43B38183-6B20-4079-8F3A-84BCEE90718E}
		{030FD347-83D4-4BAE-B55E-9EA2382B4606} = {43B38183-6B20-4079-8F3A-84BCEE90718E}
		{8A3F7204-5BBE-4133-83C8-2D95679DBBB5} = {43B38183-6B20-4079-8F3A-84BCEE90718E}
		{C388BCBA-646E-4E84-816B-DB5C96898DA5} = {53EA3E68-0883-4924-B214-2B69127317E8}
		{9BD95623-E76D-4A95-8729-D89205A459BD} = {53EA3E68-0883-4924-B214-2B69127317E8}
		{A67F63A5-7A48-4B39-B907-67CC34FE8455} = {43B38183-6B20-4079-8F3A-84BCEE90718E}
		{034B8CE7-91FB-4D87-9599-1B4A282DC2CE} = {43B38183-6B20-4079-8F3A-84BCEE90718E}
	EndGlobalSection
	GlobalSection(ExtensibilityGlobals) = postSolution
		SolutionGuid = {A1CDA594-477C-4C56-8F29-6676AF5136FE}
	EndGlobalSection
EndGlobal
